
Microsoft Visual Studio Solution File, Format Version 12.00
# Visual Studio Version 17
VisualStudioVersion = 17.4.33122.133
MinimumVisualStudioVersion = 10.0.40219.1
Project("{FAE04EC0-301F-11D3-BF4B-00C04F79EFBC}") = "MLLPClient", "MLLPClient\MLLPClient.csproj", "{8D7C8153-FE80-4F19-9D9D-95ADBC3CB70B}"
EndProject
Global
	GlobalSection(SolutionConfigurationPlatforms) = preSolution
		Debug|Any CPU = Debug|Any CPU
		Release|Any CPU = Release|Any CPU
	EndGlobalSection
	GlobalSection(ProjectConfigurationPlatforms) = postSolution
		{8D7C8153-FE80-4F19-9D9D-95ADBC3CB70B}.Debug|Any CPU.ActiveCfg = Debug|Any CPU
		{8D7C8153-FE80-4F19-9D9D-95ADBC3CB70B}.Debug|Any CPU.Build.0 = Debug|Any CPU
		{8D7C8153-FE80-4F19-9D9D-95ADBC3CB70B}.Release|Any CPU.ActiveCfg = Release|Any CPU
		{8D7C8153-FE80-4F19-9D9D-95ADBC3CB70B}.Release|Any CPU.Build.0 = Release|Any CPU
	EndGlobalSection
	GlobalSection(SolutionProperties) = preSolution
		HideSolutionNode = FALSE
	EndGlobalSection
	GlobalSection(ExtensibilityGlobals) = postSolution
		SolutionGuid = {3844DDC3-B8D8-4FEE-90F1-37E57201D1E8}
	EndGlobalSection
EndGlobal
